
Microsoft Visual Studio Solution File, Format Version 12.00
# Visual Studio Version 17
VisualStudioVersion = 17.3.32811.315
MinimumVisualStudioVersion = 10.0.40219.1
Project("{FAE04EC0-301F-11D3-BF4B-00C04F79EFBC}") = "TNLFish", "TNLFish\TNLFish.csproj", "{83F3160B-A8C0-477F-A860-413FEA41C470}"
EndProject
Global
	GlobalSection(SolutionConfigurationPlatforms) = preSolution
		Debug|Any CPU = Debug|Any CPU
		Release|Any CPU = Release|Any CPU
	EndGlobalSection
	GlobalSection(ProjectConfigurationPlatforms) = postSolution
		{83F3160B-A8C0-477F-A860-413FEA41C470}.Debug|Any CPU.ActiveCfg = Debug|Any CPU
		{83F3160B-A8C0-477F-A860-413FEA41C470}.Debug|Any CPU.Build.0 = Debug|Any CPU
		{83F3160B-A8C0-477F-A860-413FEA41C470}.Release|Any CPU.ActiveCfg = Release|Any CPU
		{83F3160B-A8C0-477F-A860-413FEA41C470}.Release|Any CPU.Build.0 = Release|Any CPU
	EndGlobalSection
	GlobalSection(SolutionProperties) = preSolution
		HideSolutionNode = FALSE
	EndGlobalSection
	GlobalSection(ExtensibilityGlobals) = postSolution
		SolutionGuid = {C225BB3A-BDA7-423C-A3FD-C0556BDF4041}
	EndGlobalSection
EndGlobal
